
Microsoft Visual Studio Solution File, Format Version 12.00
# Visual Studio Version 17
VisualStudioVersion = 17.9.34616.47
MinimumVisualStudioVersion = 10.0.40219.1
Project("{9A19103F-16F7-4668-BE54-9A1E7A4F7556}") = "TodoList", "TodoList\TodoList.csproj", "{94A27731-EEE2-431D-87CB-9C802675A85F}"
EndProject
Global
	GlobalSection(SolutionConfigurationPlatforms) = preSolution
		Debug|Any CPU = Debug|Any CPU
		Release|Any CPU = Release|Any CPU
	EndGlobalSection
	GlobalSection(ProjectConfigurationPlatforms) = postSolution
		{94A27731-EEE2-431D-87CB-9C802675A85F}.Debug|Any CPU.ActiveCfg = Debug|Any CPU
		{94A27731-EEE2-431D-87CB-9C802675A85F}.Debug|Any CPU.Build.0 = Debug|Any CPU
		{94A27731-EEE2-431D-87CB-9C802675A85F}.Release|Any CPU.ActiveCfg = Release|Any CPU
		{94A27731-EEE2-431D-87CB-9C802675A85F}.Release|Any CPU.Build.0 = Release|Any CPU
	EndGlobalSection
	GlobalSection(SolutionProperties) = preSolution
		HideSolutionNode = FALSE
	EndGlobalSection
	GlobalSection(ExtensibilityGlobals) = postSolution
		SolutionGuid = {46A114D4-996E-4C25-9EDB-01391AB4490F}
	EndGlobalSection
EndGlobal
